
Microsoft Visual Studio Solution File, Format Version 12.00
# Visual Studio Version 17
VisualStudioVersion = 17.11.35327.3
MinimumVisualStudioVersion = 10.0.40219.1
Project("{FAE04EC0-301F-11D3-BF4B-00C04F79EFBC}") = "Ventanas", "Ventanas\Ventanas.csproj", "{031C9176-9303-4087-A83F-A95B134DB1CD}"
EndProject
Global
	GlobalSection(SolutionConfigurationPlatforms) = preSolution
		Debug|Any CPU = Debug|Any CPU
		Release|Any CPU = Release|Any CPU
	EndGlobalSection
	GlobalSection(ProjectConfigurationPlatforms) = postSolution
		{031C9176-9303-4087-A83F-A95B134DB1CD}.Debug|Any CPU.ActiveCfg = Debug|Any CPU
		{031C9176-9303-4087-A83F-A95B134DB1CD}.Debug|Any CPU.Build.0 = Debug|Any CPU
		{031C9176-9303-4087-A83F-A95B134DB1CD}.Release|Any CPU.ActiveCfg = Release|Any CPU
		{031C9176-9303-4087-A83F-A95B134DB1CD}.Release|Any CPU.Build.0 = Release|Any CPU
	EndGlobalSection
	GlobalSection(SolutionProperties) = preSolution
		HideSolutionNode = FALSE
	EndGlobalSection
	GlobalSection(ExtensibilityGlobals) = postSolution
		SolutionGuid = {D9BCC707-1118-447B-8F55-2EF5662D116C}
	EndGlobalSection
EndGlobal
